
Microsoft Visual Studio Solution File, Format Version 12.00
# Visual Studio Version 16
VisualStudioVersion = 16.0.34301.259
MinimumVisualStudioVersion = 10.0.40219.1
Project("{FAE04EC0-301F-11D3-BF4B-00C04F79EFBC}") = "ConsoleApp11", "ConsoleApp11.csproj", "{C34B79C2-19C1-413C-AA96-5B7F72ECA4A4}"
EndProject
Global
	GlobalSection(SolutionConfigurationPlatforms) = preSolution
		Debug|Any CPU = Debug|Any CPU
		Release|Any CPU = Release|Any CPU
	EndGlobalSection
	GlobalSection(ProjectConfigurationPlatforms) = postSolution
		{C34B79C2-19C1-413C-AA96-5B7F72ECA4A4}.Debug|Any CPU.ActiveCfg = Debug|Any CPU
		{C34B79C2-19C1-413C-AA96-5B7F72ECA4A4}.Debug|Any CPU.Build.0 = Debug|Any CPU
		{C34B79C2-19C1-413C-AA96-5B7F72ECA4A4}.Release|Any CPU.ActiveCfg = Release|Any CPU
		{C34B79C2-19C1-413C-AA96-5B7F72ECA4A4}.Release|Any CPU.Build.0 = Release|Any CPU
	EndGlobalSection
	GlobalSection(SolutionProperties) = preSolution
		HideSolutionNode = FALSE
	EndGlobalSection
	GlobalSection(ExtensibilityGlobals) = postSolution
		SolutionGuid = {708767F4-3FAD-4EB2-B390-12632C7116A3}
	EndGlobalSection
EndGlobal
